
Microsoft Visual Studio Solution File, Format Version 12.00
# Visual Studio 15
VisualStudioVersion = 15.0.28307.1433
MinimumVisualStudioVersion = 10.0.40219.1
Project("{FAE04EC0-301F-11D3-BF4B-00C04F79EFBC}") = "AnyTimeScreenShot", "AnyTimeScreenShot\AnyTimeScreenShot.csproj", "{969A4191-F74B-4334-8C30-98C7F7B0C4BC}"
EndProject
Global
	GlobalSection(SolutionConfigurationPlatforms) = preSolution
		Debug|Any CPU = Debug|Any CPU
		Release|Any CPU = Release|Any CPU
	EndGlobalSection
	GlobalSection(ProjectConfigurationPlatforms) = postSolution
		{969A4191-F74B-4334-8C30-98C7F7B0C4BC}.Debug|Any CPU.ActiveCfg = Debug|Any CPU
		{969A4191-F74B-4334-8C30-98C7F7B0C4BC}.Debug|Any CPU.Build.0 = Debug|Any CPU
		{969A4191-F74B-4334-8C30-98C7F7B0C4BC}.Release|Any CPU.ActiveCfg = Release|Any CPU
		{969A4191-F74B-4334-8C30-98C7F7B0C4BC}.Release|Any CPU.Build.0 = Release|Any CPU
	EndGlobalSection
	GlobalSection(SolutionProperties) = preSolution
		HideSolutionNode = FALSE
	EndGlobalSection
	GlobalSection(ExtensibilityGlobals) = postSolution
		SolutionGuid = {5080D707-E091-46F7-9F8D-670E52E323E1}
	EndGlobalSection
EndGlobal
